// !$*UTF8*$!
{
	archiveVersion = 1;
	classes = {
	};
	objectVersion = 46;
	objects = {

/* Begin PBXBuildFile section */
		28637FB91DF92F42008050CD /* main.m in Sources */ = {isa = PBXBuildFile; fileRef = 28637FB81DF92F42008050CD /* main.m */; };
		28637FBC1DF92F42008050CD /* AppDelegate.m in Sources */ = {isa = PBXBuildFile; fileRef = 28637FBB1DF92F42008050CD /* AppDelegate.m */; };
		28637FBF1DF92F42008050CD /* ViewController.m in Sources */ = {isa = PBXBuildFile; fileRef = 28637FBE1DF92F42008050CD /* ViewController.m */; };
		28637FC21DF92F42008050CD /* Main.storyboard in Resources */ = {isa = PBXBuildFile; fileRef = 28637FC01DF92F42008050CD /* Main.storyboard */; };
		28637FC41DF92F42008050CD /* Assets.xcassets in Resources */ = {isa = PBXBuildFile; fileRef = 28637FC31DF92F42008050CD /* Assets.xcassets */; };
		28637FC71DF92F42008050CD /* LaunchScreen.storyboard in Resources */ = {isa = PBXBuildFile; fileRef = 28637FC51DF92F42008050CD /* LaunchScreen.storyboard */; };
		28637FD21DF92F42008050CD /* __Tests.m in Sources */ = {isa = PBXBuildFile; fileRef = 28637FD11DF92F42008050CD /* __Tests.m */; };
		28637FDD1DF92F42008050CD /* __UITests.m in Sources */ = {isa = PBXBuildFile; fileRef = 28637FDC1DF92F42008050CD /* __UITests.m */; };
		28637FF31DFA9FD3008050CD /* RootVCViewController.m in Sources */ = {isa = PBXBuildFile; fileRef = 28637FF21DFA9FD3008050CD /* RootVCViewController.m */; };
		286380391DFAC24E008050CD /* LSLoadingCircle.m in Sources */ = {isa = PBXBuildFile; fileRef = 286380381DFAC24E008050CD /* LSLoadingCircle.m */; };
		2863803D1DFAC253008050CD /* LSWaveView.m in Sources */ = {isa = PBXBuildFile; fileRef = 2863803C1DFAC253008050CD /* LSWaveView.m */; };
		286380E51DFFF3EB008050CD /* LSGraintCircleLayer.m in Sources */ = {isa = PBXBuildFile; fileRef = 286380DF1DFFF3EB008050CD /* LSGraintCircleLayer.m */; };
		286380E61DFFF3EB008050CD /* LSGraintCircleView.m in Sources */ = {isa = PBXBuildFile; fileRef = 286380E11DFFF3EB008050CD /* LSGraintCircleView.m */; };
		286380E71DFFF3EB008050CD /* LSDashLineLayer.m in Sources */ = {isa = PBXBuildFile; fileRef = 286380E41DFFF3EB008050CD /* LSDashLineLayer.m */; };
		286380EB1DFFF76E008050CD /* LSMultipleColorButton.m in Sources */ = {isa = PBXBuildFile; fileRef = 286380EA1DFFF76E008050CD /* LSMultipleColorButton.m */; };
/* End PBXBuildFile section */

/* Begin PBXContainerItemProxy section */
		28637FCE1DF92F42008050CD /* PBXContainerItemProxy */ = {
			isa = PBXContainerItemProxy;
			containerPortal = 28637FAC1DF92F42008050CD /* Project object */;
			proxyType = 1;
			remoteGlobalIDString = 28637FB31DF92F42008050CD;
			remoteInfo = "动画";
		};
		28637FD91DF92F42008050CD /* PBXContainerItemProxy */ = {
			isa = PBXContainerItemProxy;
			containerPortal = 28637FAC1DF92F42008050CD /* Project object */;
			proxyType = 1;
			remoteGlobalIDString = 28637FB31DF92F42008050CD;
			remoteInfo = "动画";
		};
/* End PBXContainerItemProxy section */

/* Begin PBXFileReference section */
		28637FB41DF92F42008050CD /* 动画.app */ = {isa = PBXFileReference; explicitFileType = wrapper.application; includeInIndex = 0; path = "动画.app"; sourceTree = BUILT_PRODUCTS_DIR; };
		28637FB81DF92F42008050CD /* main.m */ = {isa = PBXFileReference; lastKnownFileType = sourcecode.c.objc; path = main.m; sourceTree = "<group>"; };
		28637FBA1DF92F42008050CD /* AppDelegate.h */ = {isa = PBXFileReference; lastKnownFileType = sourcecode.c.h; path = AppDelegate.h; sourceTree = "<group>"; };
		28637FBB1DF92F42008050CD /* AppDelegate.m */ = {isa = PBXFileReference; lastKnownFileType = sourcecode.c.objc; path = AppDelegate.m; sourceTree = "<group>"; };
		28637FBD1DF92F42008050CD /* ViewController.h */ = {isa = PBXFileReference; lastKnownFileType = sourcecode.c.h; path = ViewController.h; sourceTree = "<group>"; };
		28637FBE1DF92F42008050CD /* ViewController.m */ = {isa = PBXFileReference; lastKnownFileType = sourcecode.c.objc; path = ViewController.m; sourceTree = "<group>"; };
		28637FC11DF92F42008050CD /* Base */ = {isa = PBXFileReference; lastKnownFileType = file.storyboard; name = Base; path = Base.lproj/Main.storyboard; sourceTree = "<group>"; };
		28637FC31DF92F42008050CD /* Assets.xcassets */ = {isa = PBXFileReference; lastKnownFileType = folder.assetcatalog; path = Assets.xcassets; sourceTree = "<group>"; };
		28637FC61DF92F42008050CD /* Base */ = {isa = PBXFileReference; lastKnownFileType = file.storyboard; name = Base; path = Base.lproj/LaunchScreen.storyboard; sourceTree = "<group>"; };
		28637FC81DF92F42008050CD /* Info.plist */ = {isa = PBXFileReference; lastKnownFileType = text.plist.xml; path = Info.plist; sourceTree = "<group>"; };
		28637FCD1DF92F42008050CD /* 动画Tests.xctest */ = {isa = PBXFileReference; explicitFileType = wrapper.cfbundle; includeInIndex = 0; path = "动画Tests.xctest"; sourceTree = BUILT_PRODUCTS_DIR; };
		28637FD11DF92F42008050CD /* __Tests.m */ = {isa = PBXFileReference; lastKnownFileType = sourcecode.c.objc; path = __Tests.m; sourceTree = "<group>"; };
		28637FD31DF92F42008050CD /* Info.plist */ = {isa = PBXFileReference; lastKnownFileType = text.plist.xml; path = Info.plist; sourceTree = "<group>"; };
		28637FD81DF92F42008050CD /* 动画UITests.xctest */ = {isa = PBXFileReference; explicitFileType = wrapper.cfbundle; includeInIndex = 0; path = "动画UITests.xctest"; sourceTree = BUILT_PRODUCTS_DIR; };
		28637FDC1DF92F42008050CD /* __UITests.m */ = {isa = PBXFileReference; lastKnownFileType = sourcecode.c.objc; path = __UITests.m; sourceTree = "<group>"; };
		28637FDE1DF92F42008050CD /* Info.plist */ = {isa = PBXFileReference; lastKnownFileType = text.plist.xml; path = Info.plist; sourceTree = "<group>"; };
		28637FF11DFA9FD3008050CD /* RootVCViewController.h */ = {isa = PBXFileReference; fileEncoding = 4; lastKnownFileType = sourcecode.c.h; path = RootVCViewController.h; sourceTree = "<group>"; };
		28637FF21DFA9FD3008050CD /* RootVCViewController.m */ = {isa = PBXFileReference; fileEncoding = 4; lastKnownFileType = sourcecode.c.objc; path = RootVCViewController.m; sourceTree = "<group>"; };
		286380371DFAC24E008050CD /* LSLoadingCircle.h */ = {isa = PBXFileReference; fileEncoding = 4; lastKnownFileType = sourcecode.c.h; path = LSLoadingCircle.h; sourceTree = "<group>"; };
		286380381DFAC24E008050CD /* LSLoadingCircle.m */ = {isa = PBXFileReference; fileEncoding = 4; lastKnownFileType = sourcecode.c.objc; path = LSLoadingCircle.m; sourceTree = "<group>"; };
		2863803B1DFAC253008050CD /* LSWaveView.h */ = {isa = PBXFileReference; fileEncoding = 4; lastKnownFileType = sourcecode.c.h; path = LSWaveView.h; sourceTree = "<group>"; };
		2863803C1DFAC253008050CD /* LSWaveView.m */ = {isa = PBXFileReference; fileEncoding = 4; lastKnownFileType = sourcecode.c.objc; path = LSWaveView.m; sourceTree = "<group>"; };
		286380DE1DFFF3EB008050CD /* LSGraintCircleLayer.h */ = {isa = PBXFileReference; fileEncoding = 4; lastKnownFileType = sourcecode.c.h; path = LSGraintCircleLayer.h; sourceTree = "<group>"; };
		286380DF1DFFF3EB008050CD /* LSGraintCircleLayer.m */ = {isa = PBXFileReference; fileEncoding = 4; lastKnownFileType = sourcecode.c.objc; path = LSGraintCircleLayer.m; sourceTree = "<group>"; };
		286380E01DFFF3EB008050CD /* LSGraintCircleView.h */ = {isa = PBXFileReference; fileEncoding = 4; lastKnownFileType = sourcecode.c.h; path = LSGraintCircleView.h; sourceTree = "<group>"; };
		286380E11DFFF3EB008050CD /* LSGraintCircleView.m */ = {isa = PBXFileReference; fileEncoding = 4; lastKnownFileType = sourcecode.c.objc; path = LSGraintCircleView.m; sourceTree = "<group>"; };
		286380E31DFFF3EB008050CD /* LSDashLineLayer.h */ = {isa = PBXFileReference; fileEncoding = 4; lastKnownFileType = sourcecode.c.h; path = LSDashLineLayer.h; sourceTree = "<group>"; };
		286380E41DFFF3EB008050CD /* LSDashLineLayer.m */ = {isa = PBXFileReference; fileEncoding = 4; lastKnownFileType = sourcecode.c.objc; path = LSDashLineLayer.m; sourceTree = "<group>"; };
		286380E91DFFF76E008050CD /* LSMultipleColorButton.h */ = {isa = PBXFileReference; fileEncoding = 4; lastKnownFileType = sourcecode.c.h; path = LSMultipleColorButton.h; sourceTree = "<group>"; };
		286380EA1DFFF76E008050CD /* LSMultipleColorButton.m */ = {isa = PBXFileReference; fileEncoding = 4; lastKnownFileType = sourcecode.c.objc; path = LSMultipleColorButton.m; sourceTree = "<group>"; };
/* End PBXFileReference section */

/* Begin PBXFrameworksBuildPhase section */
		28637FB11DF92F42008050CD /* Frameworks */ = {
			isa = PBXFrameworksBuildPhase;
			buildActionMask = 2147483647;
			files = (
			);
			runOnlyForDeploymentPostprocessing = 0;
		};
		28637FCA1DF92F42008050CD /* Frameworks */ = {
			isa = PBXFrameworksBuildPhase;
			buildActionMask = 2147483647;
			files = (
			);
			runOnlyForDeploymentPostprocessing = 0;
		};
		28637FD51DF92F42008050CD /* Frameworks */ = {
			isa = PBXFrameworksBuildPhase;
			buildActionMask = 2147483647;
			files = (
			);
			runOnlyForDeploymentPostprocessing = 0;
		};
/* End PBXFrameworksBuildPhase section */

/* Begin PBXGroup section */
		28637FAB1DF92F42008050CD = {
			isa = PBXGroup;
			children = (
				28637FB61DF92F42008050CD /* 动画 */,
				28637FD01DF92F42008050CD /* 动画Tests */,
				28637FDB1DF92F42008050CD /* 动画UITests */,
				28637FB51DF92F42008050CD /* Products */,
			);
			sourceTree = "<group>";
		};
		28637FB51DF92F42008050CD /* Products */ = {
			isa = PBXGroup;
			children = (
				28637FB41DF92F42008050CD /* 动画.app */,
				28637FCD1DF92F42008050CD /* 动画Tests.xctest */,
				28637FD81DF92F42008050CD /* 动画UITests.xctest */,
			);
			name = Products;
			sourceTree = "<group>";
		};
		28637FB61DF92F42008050CD /* 动画 */ = {
			isa = PBXGroup;
			children = (
				286380E81DFFF738008050CD /* 带动画圆形按钮 */,
				286380DD1DFFF3EB008050CD /* 渐变色圆 */,
				286380E21DFFF3EB008050CD /* 虚线 */,
				2863803A1DFAC253008050CD /* LSWaveView */,
				286380361DFAC24E008050CD /* LSLoadingCircle */,
				28637FBA1DF92F42008050CD /* AppDelegate.h */,
				28637FBB1DF92F42008050CD /* AppDelegate.m */,
				28637FBD1DF92F42008050CD /* ViewController.h */,
				28637FBE1DF92F42008050CD /* ViewController.m */,
				28637FF11DFA9FD3008050CD /* RootVCViewController.h */,
				28637FF21DFA9FD3008050CD /* RootVCViewController.m */,
				28637FC01DF92F42008050CD /* Main.storyboard */,
				28637FC31DF92F42008050CD /* Assets.xcassets */,
				28637FC51DF92F42008050CD /* LaunchScreen.storyboard */,
				28637FC81DF92F42008050CD /* Info.plist */,
				28637FB71DF92F42008050CD /* Supporting Files */,
			);
			path = "动画";
			sourceTree = "<group>";
		};
		28637FB71DF92F42008050CD /* Supporting Files */ = {
			isa = PBXGroup;
			children = (
				28637FB81DF92F42008050CD /* main.m */,
			);
			name = "Supporting Files";
			sourceTree = "<group>";
		};
		28637FD01DF92F42008050CD /* 动画Tests */ = {
			isa = PBXGroup;
			children = (
				28637FD11DF92F42008050CD /* __Tests.m */,
				28637FD31DF92F42008050CD /* Info.plist */,
			);
			path = "动画Tests";
			sourceTree = "<group>";
		};
		28637FDB1DF92F42008050CD /* 动画UITests */ = {
			isa = PBXGroup;
			children = (
				28637FDC1DF92F42008050CD /* __UITests.m */,
				28637FDE1DF92F42008050CD /* Info.plist */,
			);
			path = "动画UITests";
			sourceTree = "<group>";
		};
		286380361DFAC24E008050CD /* LSLoadingCircle */ = {
			isa = PBXGroup;
			children = (
				286380371DFAC24E008050CD /* LSLoadingCircle.h */,
				286380381DFAC24E008050CD /* LSLoadingCircle.m */,
			);
			path = LSLoadingCircle;
			sourceTree = "<group>";
		};
		2863803A1DFAC253008050CD /* LSWaveView */ = {
			isa = PBXGroup;
			children = (
				2863803B1DFAC253008050CD /* LSWaveView.h */,
				2863803C1DFAC253008050CD /* LSWaveView.m */,
			);
			path = LSWaveView;
			sourceTree = "<group>";
		};
		286380DD1DFFF3EB008050CD /* 渐变色圆 */ = {
			isa = PBXGroup;
			children = (
				286380DE1DFFF3EB008050CD /* LSGraintCircleLayer.h */,
				286380DF1DFFF3EB008050CD /* LSGraintCircleLayer.m */,
				286380E01DFFF3EB008050CD /* LSGraintCircleView.h */,
				286380E11DFFF3EB008050CD /* LSGraintCircleView.m */,
			);
			path = "渐变色圆";
			sourceTree = "<group>";
		};
		286380E21DFFF3EB008050CD /* 虚线 */ = {
			isa = PBXGroup;
			children = (
				286380E31DFFF3EB008050CD /* LSDashLineLayer.h */,
				286380E41DFFF3EB008050CD /* LSDashLineLayer.m */,
			);
			path = "虚线";
			sourceTree = "<group>";
		};
		286380E81DFFF738008050CD /* 带动画圆形按钮 */ = {
			isa = PBXGroup;
			children = (
				286380E91DFFF76E008050CD /* LSMultipleColorButton.h */,
				286380EA1DFFF76E008050CD /* LSMultipleColorButton.m */,
			);
			path = "带动画圆形按钮";
			sourceTree = "<group>";
		};
/* End PBXGroup section */

/* Begin PBXNativeTarget section */
		28637FB31DF92F42008050CD /* 动画 */ = {
			isa = PBXNativeTarget;
			buildConfigurationList = 28637FE11DF92F42008050CD /* Build configuration list for PBXNativeTarget "动画" */;
			buildPhases = (
				28637FB01DF92F42008050CD /* Sources */,
				28637FB11DF92F42008050CD /* Frameworks */,
				28637FB21DF92F42008050CD /* Resources */,
			);
			buildRules = (
			);
			dependencies = (
			);
			name = "动画";
			productName = "动画";
			productReference = 28637FB41DF92F42008050CD /* 动画.app */;
			productType = "com.apple.product-type.application";
		};
		28637FCC1DF92F42008050CD /* 动画Tests */ = {
			isa = PBXNativeTarget;
			buildConfigurationList = 28637FE41DF92F42008050CD /* Build configuration list for PBXNativeTarget "动画Tests" */;
			buildPhases = (
				28637FC91DF92F42008050CD /* Sources */,
				28637FCA1DF92F42008050CD /* Frameworks */,
				28637FCB1DF92F42008050CD /* Resources */,
			);
			buildRules = (
			);
			dependencies = (
				28637FCF1DF92F42008050CD /* PBXTargetDependency */,
			);
			name = "动画Tests";
			productName = "动画Tests";
			productReference = 28637FCD1DF92F42008050CD /* 动画Tests.xctest */;
			productType = "com.apple.product-type.bundle.unit-test";
		};
		28637FD71DF92F42008050CD /* 动画UITests */ = {
			isa = PBXNativeTarget;
			buildConfigurationList = 28637FE71DF92F42008050CD /* Build configuration list for PBXNativeTarget "动画UITests" */;
			buildPhases = (
				28637FD41DF92F42008050CD /* Sources */,
				28637FD51DF92F42008050CD /* Frameworks */,
				28637FD61DF92F42008050CD /* Resources */,
			);
			buildRules = (
			);
			dependencies = (
				28637FDA1DF92F42008050CD /* PBXTargetDependency */,
			);
			name = "动画UITests";
			productName = "动画UITests";
			productReference = 28637FD81DF92F42008050CD /* 动画UITests.xctest */;
			productType = "com.apple.product-type.bundle.ui-testing";
		};
/* End PBXNativeTarget section */

/* Begin PBXProject section */
		28637FAC1DF92F42008050CD /* Project object */ = {
			isa = PBXProject;
			attributes = {
				LastUpgradeCheck = 0810;
				ORGANIZATIONNAME = liusong;
				TargetAttributes = {
					28637FB31DF92F42008050CD = {
						CreatedOnToolsVersion = 8.1;
						DevelopmentTeam = U7SJ4KA3L8;
						ProvisioningStyle = Automatic;
					};
					28637FCC1DF92F42008050CD = {
						CreatedOnToolsVersion = 8.1;
						DevelopmentTeam = U7SJ4KA3L8;
						ProvisioningStyle = Automatic;
						TestTargetID = 28637FB31DF92F42008050CD;
					};
					28637FD71DF92F42008050CD = {
						CreatedOnToolsVersion = 8.1;
						DevelopmentTeam = U7SJ4KA3L8;
						ProvisioningStyle = Automatic;
						TestTargetID = 28637FB31DF92F42008050CD;
					};
				};
			};
			buildConfigurationList = 28637FAF1DF92F42008050CD /* Build configuration list for PBXProject "动画" */;
			compatibilityVersion = "Xcode 3.2";
			developmentRegion = English;
			hasScannedForEncodings = 0;
			knownRegions = (
				en,
				Base,
			);
			mainGroup = 28637FAB1DF92F42008050CD;
			productRefGroup = 28637FB51DF92F42008050CD /* Products */;
			projectDirPath = "";
			projectRoot = "";
			targets = (
				28637FB31DF92F42008050CD /* 动画 */,
				28637FCC1DF92F42008050CD /* 动画Tests */,
				28637FD71DF92F42008050CD /* 动画UITests */,
			);
		};
/* End PBXProject section */

/* Begin PBXResourcesBuildPhase section */
		28637FB21DF92F42008050CD /* Resources */ = {
			isa = PBXResourcesBuildPhase;
			buildActionMask = 2147483647;
			files = (
				28637FC71DF92F42008050CD /* LaunchScreen.storyboard in Resources */,
				28637FC41DF92F42008050CD /* Assets.xcassets in Resources */,
				28637FC21DF92F42008050CD /* Main.storyboard in Resources */,
			);
			runOnlyForDeploymentPostprocessing = 0;
		};
		28637FCB1DF92F42008050CD /* Resources */ = {
			isa = PBXResourcesBuildPhase;
			buildActionMask = 2147483647;
			files = (
			);
			runOnlyForDeploymentPostprocessing = 0;
		};
		28637FD61DF92F42008050CD /* Resources */ = {
			isa = PBXResourcesBuildPhase;
			buildActionMask = 2147483647;
			files = (
			);
			runOnlyForDeploymentPostprocessing = 0;
		};
/* End PBXResourcesBuildPhase section */

/* Begin PBXSourcesBuildPhase section */
		28637FB01DF92F42008050CD /* Sources */ = {
			isa = PBXSourcesBuildPhase;
			buildActionMask = 2147483647;
			files = (
				286380E71DFFF3EB008050CD /* LSDashLineLayer.m in Sources */,
				286380E51DFFF3EB008050CD /* LSGraintCircleLayer.m in Sources */,
				286380EB1DFFF76E008050CD /* LSMultipleColorButton.m in Sources */,
				28637FBF1DF92F42008050CD /* ViewController.m in Sources */,
				28637FF31DFA9FD3008050CD /* RootVCViewController.m in Sources */,
				286380391DFAC24E008050CD /* LSLoadingCircle.m in Sources */,
				286380E61DFFF3EB008050CD /* LSGraintCircleView.m in Sources */,
				2863803D1DFAC253008050CD /* LSWaveView.m in Sources */,
				28637FBC1DF92F42008050CD /* AppDelegate.m in Sources */,
				28637FB91DF92F42008050CD /* main.m in Sources */,
			);
			runOnlyForDeploymentPostprocessing = 0;
		};
		28637FC91DF92F42008050CD /* Sources */ = {
			isa = PBXSourcesBuildPhase;
			buildActionMask = 2147483647;
			files = (
				28637FD21DF92F42008050CD /* __Tests.m in Sources */,
			);
			runOnlyForDeploymentPostprocessing = 0;
		};
		28637FD41DF92F42008050CD /* Sources */ = {
			isa = PBXSourcesBuildPhase;
			buildActionMask = 2147483647;
			files = (
				28637FDD1DF92F42008050CD /* __UITests.m in Sources */,
			);
			runOnlyForDeploymentPostprocessing = 0;
		};
/* End PBXSourcesBuildPhase section */

/* Begin PBXTargetDependency section */
		28637FCF1DF92F42008050CD /* PBXTargetDependency */ = {
			isa = PBXTargetDependency;
			target = 28637FB31DF92F42008050CD /* 动画 */;
			targetProxy = 28637FCE1DF92F42008050CD /* PBXContainerItemProxy */;
		};
		28637FDA1DF92F42008050CD /* PBXTargetDependency */ = {
			isa = PBXTargetDependency;
			target = 28637FB31DF92F42008050CD /* 动画 */;
			targetProxy = 28637FD91DF92F42008050CD /* PBXContainerItemProxy */;
		};
/* End PBXTargetDependency section */

/* Begin PBXVariantGroup section */
		28637FC01DF92F42008050CD /* Main.storyboard */ = {
			isa = PBXVariantGroup;
			children = (
				28637FC11DF92F42008050CD /* Base */,
			);
			name = Main.storyboard;
			sourceTree = "<group>";
		};
		28637FC51DF92F42008050CD /* LaunchScreen.storyboard */ = {
			isa = PBXVariantGroup;
			children = (
				28637FC61DF92F42008050CD /* Base */,
			);
			name = LaunchScreen.storyboard;
			sourceTree = "<group>";
		};
/* End PBXVariantGroup section */

/* Begin XCBuildConfiguration section */
		28637FDF1DF92F42008050CD /* Debug */ = {
			isa = XCBuildConfiguration;
			buildSettings = {
				ALWAYS_SEARCH_USER_PATHS = NO;
				CLANG_ANALYZER_NONNULL = YES;
				CLANG_CXX_LANGUAGE_STANDARD = "gnu++0x";
				CLANG_CXX_LIBRARY = "libc++";
				CLANG_ENABLE_MODULES = YES;
				CLANG_ENABLE_OBJC_ARC = YES;
				CLANG_WARN_BOOL_CONVERSION = YES;
				CLANG_WARN_CONSTANT_CONVERSION = YES;
				CLANG_WARN_DIRECT_OBJC_ISA_USAGE = YES_ERROR;
				CLANG_WARN_DOCUMENTATION_COMMENTS = YES;
				CLANG_WARN_EMPTY_BODY = YES;
				CLANG_WARN_ENUM_CONVERSION = YES;
				CLANG_WARN_INFINITE_RECURSION = YES;
				CLANG_WARN_INT_CONVERSION = YES;
				CLANG_WARN_OBJC_ROOT_CLASS = YES_ERROR;
				CLANG_WARN_SUSPICIOUS_MOVES = YES;
				CLANG_WARN_UNREACHABLE_CODE = YES;
				CLANG_WARN__DUPLICATE_METHOD_MATCH = YES;
				"CODE_SIGN_IDENTITY[sdk=iphoneos*]" = "iPhone Developer";
				COPY_PHASE_STRIP = NO;
				DEBUG_INFORMATION_FORMAT = dwarf;
				ENABLE_STRICT_OBJC_MSGSEND = YES;
				ENABLE_TESTABILITY = YES;
				GCC_C_LANGUAGE_STANDARD = gnu99;
				GCC_DYNAMIC_NO_PIC = NO;
				GCC_NO_COMMON_BLOCKS = YES;
				GCC_OPTIMIZATION_LEVEL = 0;
				GCC_PREPROCESSOR_DEFINITIONS = (
					"DEBUG=1",
					"$(inherited)",
				);
				GCC_WARN_64_TO_32_BIT_CONVERSION = YES;
				GCC_WARN_ABOUT_RETURN_TYPE = YES_ERROR;
				GCC_WARN_UNDECLARED_SELECTOR = YES;
				GCC_WARN_UNINITIALIZED_AUTOS = YES_AGGRESSIVE;
				GCC_WARN_UNUSED_FUNCTION = YES;
				GCC_WARN_UNUSED_VARIABLE = YES;
				IPHONEOS_DEPLOYMENT_TARGET = 10.1;
				MTL_ENABLE_DEBUG_INFO = YES;
				ONLY_ACTIVE_ARCH = YES;
				SDKROOT = iphoneos;
			};
			name = Debug;
		};
		28637FE01DF92F42008050CD /* Release */ = {
			isa = XCBuildConfiguration;
			buildSettings = {
				ALWAYS_SEARCH_USER_PATHS = NO;
				CLANG_ANALYZER_NONNULL = YES;
				CLANG_CXX_LANGUAGE_STANDARD = "gnu++0x";
				CLANG_CXX_LIBRARY = "libc++";
				CLANG_ENABLE_MODULES = YES;
				CLANG_ENABLE_OBJC_ARC = YES;
				CLANG_WARN_BOOL_CONVERSION = YES;
				CLANG_WARN_CONSTANT_CONVERSION = YES;
				CLANG_WARN_DIRECT_OBJC_ISA_USAGE = YES_ERROR;
				CLANG_WARN_DOCUMENTATION_COMMENTS = YES;
				CLANG_WARN_EMPTY_BODY = YES;
				CLANG_WARN_ENUM_CONVERSION = YES;
				CLANG_WARN_INFINITE_RECURSION = YES;
				CLANG_WARN_INT_CONVERSION = YES;
				CLANG_WARN_OBJC_ROOT_CLASS = YES_ERROR;
				CLANG_WARN_SUSPICIOUS_MOVES = YES;
				CLANG_WARN_UNREACHABLE_CODE = YES;
				CLANG_WARN__DUPLICATE_METHOD_MATCH = YES;
				"CODE_SIGN_IDENTITY[sdk=iphoneos*]" = "iPhone Developer";
				COPY_PHASE_STRIP = NO;
				DEBUG_INFORMATION_FORMAT = "dwarf-with-dsym";
				ENABLE_NS_ASSERTIONS = NO;
				ENABLE_STRICT_OBJC_MSGSEND = YES;
				GCC_C_LANGUAGE_STANDARD = gnu99;
				GCC_NO_COMMON_BLOCKS = YES;
				GCC_WARN_64_TO_32_BIT_CONVERSION = YES;
				GCC_WARN_ABOUT_RETURN_TYPE = YES_ERROR;
				GCC_WARN_UNDECLARED_SELECTOR = YES;
				GCC_WARN_UNINITIALIZED_AUTOS = YES_AGGRESSIVE;
				GCC_WARN_UNUSED_FUNCTION = YES;
				GCC_WARN_UNUSED_VARIABLE = YES;
				IPHONEOS_DEPLOYMENT_TARGET = 10.1;
				MTL_ENABLE_DEBUG_INFO = NO;
				SDKROOT = iphoneos;
				VALIDATE_PRODUCT = YES;
			};
			name = Release;
		};
		28637FE21DF92F42008050CD /* Debug */ = {
			isa = XCBuildConfiguration;
			buildSettings = {
				ASSETCATALOG_COMPILER_APPICON_NAME = AppIcon;
				DEVELOPMENT_TEAM = U7SJ4KA3L8;
				INFOPLIST_FILE = "动画/Info.plist";
				IPHONEOS_DEPLOYMENT_TARGET = 10.0;
				LD_RUNPATH_SEARCH_PATHS = "$(inherited) @executable_path/Frameworks";
				PRODUCT_BUNDLE_IDENTIFIER = "com.kuaichengwuliu.--";
				PRODUCT_NAME = "$(TARGET_NAME)";
			};
			name = Debug;
		};
		28637FE31DF92F42008050CD /* Release */ = {
			isa = XCBuildConfiguration;
			buildSettings = {
				ASSETCATALOG_COMPILER_APPICON_NAME = AppIcon;
				DEVELOPMENT_TEAM = U7SJ4KA3L8;
				INFOPLIST_FILE = "动画/Info.plist";
				IPHONEOS_DEPLOYMENT_TARGET = 10.0;
				LD_RUNPATH_SEARCH_PATHS = "$(inherited) @executable_path/Frameworks";
				PRODUCT_BUNDLE_IDENTIFIER = "com.kuaichengwuliu.--";
				PRODUCT_NAME = "$(TARGET_NAME)";
			};
			name = Release;
		};
		28637FE51DF92F42008050CD /* Debug */ = {
			isa = XCBuildConfiguration;
			buildSettings = {
				BUNDLE_LOADER = "$(TEST_HOST)";
				DEVELOPMENT_TEAM = U7SJ4KA3L8;
				INFOPLIST_FILE = "动画Tests/Info.plist";
				LD_RUNPATH_SEARCH_PATHS = "$(inherited) @executable_path/Frameworks @loader_path/Frameworks";
				PRODUCT_BUNDLE_IDENTIFIER = "com.kuaichengwuliu.--Tests";
				PRODUCT_NAME = "$(TARGET_NAME)";
				TEST_HOST = "$(BUILT_PRODUCTS_DIR)/动画.app/动画";
			};
			name = Debug;
		};
		28637FE61DF92F42008050CD /* Release */ = {
			isa = XCBuildConfiguration;
			buildSettings = {
				BUNDLE_LOADER = "$(TEST_HOST)";
				DEVELOPMENT_TEAM = U7SJ4KA3L8;
				INFOPLIST_FILE = "动画Tests/Info.plist";
				LD_RUNPATH_SEARCH_PATHS = "$(inherited) @executable_path/Frameworks @loader_path/Frameworks";
				PRODUCT_BUNDLE_IDENTIFIER = "com.kuaichengwuliu.--Tests";
				PRODUCT_NAME = "$(TARGET_NAME)";
				TEST_HOST = "$(BUILT_PRODUCTS_DIR)/动画.app/动画";
			};
			name = Release;
		};
		28637FE81DF92F42008050CD /* Debug */ = {
			isa = XCBuildConfiguration;
			buildSettings = {
				DEVELOPMENT_TEAM = U7SJ4KA3L8;
				INFOPLIST_FILE = "动画UITests/Info.plist";
				LD_RUNPATH_SEARCH_PATHS = "$(inherited) @executable_path/Frameworks @loader_path/Frameworks";
				PRODUCT_BUNDLE_IDENTIFIER = "com.kuaichengwuliu.--UITests";
				PRODUCT_NAME = "$(TARGET_NAME)";
				TEST_TARGET_NAME = "动画";
			};
			name = Debug;
		};
		28637FE91DF92F42008050CD /* Release */ = {
			isa = XCBuildConfiguration;
			buildSettings = {
				DEVELOPMENT_TEAM = U7SJ4KA3L8;
				INFOPLIST_FILE = "动画UITests/Info.plist";
				LD_RUNPATH_SEARCH_PATHS = "$(inherited) @executable_path/Frameworks @loader_path/Frameworks";
				PRODUCT_BUNDLE_IDENTIFIER = "com.kuaichengwuliu.--UITests";
				PRODUCT_NAME = "$(TARGET_NAME)";
				TEST_TARGET_NAME = "动画";
			};
			name = Release;
		};
/* End XCBuildConfiguration section */

/* Begin XCConfigurationList section */
		28637FAF1DF92F42008050CD /* Build configuration list for PBXProject "动画" */ = {
			isa = XCConfigurationList;
			buildConfigurations = (
				28637FDF1DF92F42008050CD /* Debug */,
				28637FE01DF92F42008050CD /* Release */,
			);
			defaultConfigurationIsVisible = 0;
			defaultConfigurationName = Release;
		};
		28637FE11DF92F42008050CD /* Build configuration list for PBXNativeTarget "动画" */ = {
			isa = XCConfigurationList;
			buildConfigurations = (
				28637FE21DF92F42008050CD /* Debug */,
				28637FE31DF92F42008050CD /* Release */,
			);
			defaultConfigurationIsVisible = 0;
			defaultConfigurationName = Release;
		};
		28637FE41DF92F42008050CD /* Build configuration list for PBXNativeTarget "动画Tests" */ = {
			isa = XCConfigurationList;
			buildConfigurations = (
				28637FE51DF92F42008050CD /* Debug */,
				28637FE61DF92F42008050CD /* Release */,
			);
			defaultConfigurationIsVisible = 0;
			defaultConfigurationName = Release;
		};
		28637FE71DF92F42008050CD /* Build configuration list for PBXNativeTarget "动画UITests" */ = {
			isa = XCConfigurationList;
			buildConfigurations = (
				28637FE81DF92F42008050CD /* Debug */,
				28637FE91DF92F42008050CD /* Release */,
			);
			defaultConfigurationIsVisible = 0;
			defaultConfigurationName = Release;
		};
/* End XCConfigurationList section */
	};
	rootObject = 28637FAC1DF92F42008050CD /* Project object */;
}
